// !$*UTF8*$!
{
	archiveVersion = 1;
	classes = {
	};
	objectVersion = 55;
	objects = {

/* Begin PBXBuildFile section */
		37381804288066D300D40AAB /* Circle_Ci_Test_AppApp.swift in Sources */ = {isa = PBXBuildFile; fileRef = 37381803288066D300D40AAB /* Circle_Ci_Test_AppApp.swift */; };
		37381806288066D300D40AAB /* ContentView.swift in Sources */ = {isa = PBXBuildFile; fileRef = 37381805288066D300D40AAB /* ContentView.swift */; };
		37381808288066D600D40AAB /* Assets.xcassets in Resources */ = {isa = PBXBuildFile; fileRef = 37381807288066D600D40AAB /* Assets.xcassets */; };
		3738180B288066D600D40AAB /* Preview Assets.xcassets in Resources */ = {isa = PBXBuildFile; fileRef = 3738180A288066D600D40AAB /* Preview Assets.xcassets */; };
		3738181828806C3B00D40AAB /* Circle_Ci_Test_AppTests.swift in Sources */ = {isa = PBXBuildFile; fileRef = 3738181728806C3B00D40AAB /* Circle_Ci_Test_AppTests.swift */; };
/* End PBXBuildFile section */

/* Begin PBXContainerItemProxy section */
		3738181928806C3B00D40AAB /* PBXContainerItemProxy */ = {
			isa = PBXContainerItemProxy;
			containerPortal = 373817F8288066D200D40AAB /* Project object */;
			proxyType = 1;
			remoteGlobalIDString = 373817FF288066D200D40AAB;
			remoteInfo = "Circle-Ci-Test-App";
		};
/* End PBXContainerItemProxy section */

/* Begin PBXFileReference section */
		37381800288066D300D40AAB /* Circle-Ci-Test-App.app */ = {isa = PBXFileReference; explicitFileType = wrapper.application; includeInIndex = 0; path = "Circle-Ci-Test-App.app"; sourceTree = BUILT_PRODUCTS_DIR; };
		37381803288066D300D40AAB /* Circle_Ci_Test_AppApp.swift */ = {isa = PBXFileReference; lastKnownFileType = sourcecode.swift; path = Circle_Ci_Test_AppApp.swift; sourceTree = "<group>"; };
		37381805288066D300D40AAB /* ContentView.swift */ = {isa = PBXFileReference; lastKnownFileType = sourcecode.swift; path = ContentView.swift; sourceTree = "<group>"; };
		37381807288066D600D40AAB /* Assets.xcassets */ = {isa = PBXFileReference; lastKnownFileType = folder.assetcatalog; path = Assets.xcassets; sourceTree = "<group>"; };
		3738180A288066D600D40AAB /* Preview Assets.xcassets */ = {isa = PBXFileReference; lastKnownFileType = folder.assetcatalog; path = "Preview Assets.xcassets"; sourceTree = "<group>"; };
		3738181528806C3B00D40AAB /* Circle-Ci-Test-AppTests.xctest */ = {isa = PBXFileReference; explicitFileType = wrapper.cfbundle; includeInIndex = 0; path = "Circle-Ci-Test-AppTests.xctest"; sourceTree = BUILT_PRODUCTS_DIR; };
		3738181728806C3B00D40AAB /* Circle_Ci_Test_AppTests.swift */ = {isa = PBXFileReference; lastKnownFileType = sourcecode.swift; path = Circle_Ci_Test_AppTests.swift; sourceTree = "<group>"; };
/* End PBXFileReference section */

/* Begin PBXFrameworksBuildPhase section */
		373817FD288066D200D40AAB /* Frameworks */ = {
			isa = PBXFrameworksBuildPhase;
			buildActionMask = 2147483647;
			files = (
			);
			runOnlyForDeploymentPostprocessing = 0;
		};
		3738181228806C3B00D40AAB /* Frameworks */ = {
			isa = PBXFrameworksBuildPhase;
			buildActionMask = 2147483647;
			files = (
			);
			runOnlyForDeploymentPostprocessing = 0;
		};
/* End PBXFrameworksBuildPhase section */

/* Begin PBXGroup section */
		373817F7288066D200D40AAB = {
			isa = PBXGroup;
			children = (
				37381802288066D300D40AAB /* Circle-Ci-Test-App */,
				3738181628806C3B00D40AAB /* Circle-Ci-Test-AppTests */,
				37381801288066D300D40AAB /* Products */,
			);
			sourceTree = "<group>";
		};
		37381801288066D300D40AAB /* Products */ = {
			isa = PBXGroup;
			children = (
				37381800288066D300D40AAB /* Circle-Ci-Test-App.app */,
				3738181528806C3B00D40AAB /* Circle-Ci-Test-AppTests.xctest */,
			);
			name = Products;
			sourceTree = "<group>";
		};
		37381802288066D300D40AAB /* Circle-Ci-Test-App */ = {
			isa = PBXGroup;
			children = (
				37381803288066D300D40AAB /* Circle_Ci_Test_AppApp.swift */,
				37381805288066D300D40AAB /* ContentView.swift */,
				37381807288066D600D40AAB /* Assets.xcassets */,
				37381809288066D600D40AAB /* Preview Content */,
			);
			path = "Circle-Ci-Test-App";
			sourceTree = "<group>";
		};
		37381809288066D600D40AAB /* Preview Content */ = {
			isa = PBXGroup;
			children = (
				3738180A288066D600D40AAB /* Preview Assets.xcassets */,
			);
			path = "Preview Content";
			sourceTree = "<group>";
		};
		3738181628806C3B00D40AAB /* Circle-Ci-Test-AppTests */ = {
			isa = PBXGroup;
			children = (
				3738181728806C3B00D40AAB /* Circle_Ci_Test_AppTests.swift */,
			);
			path = "Circle-Ci-Test-AppTests";
			sourceTree = "<group>";
		};
/* End PBXGroup section */

/* Begin PBXNativeTarget section */
		373817FF288066D200D40AAB /* Circle-Ci-Test-App */ = {
			isa = PBXNativeTarget;
			buildConfigurationList = 3738180E288066D600D40AAB /* Build configuration list for PBXNativeTarget "Circle-Ci-Test-App" */;
			buildPhases = (
				373817FC288066D200D40AAB /* Sources */,
				373817FD288066D200D40AAB /* Frameworks */,
				373817FE288066D200D40AAB /* Resources */,
			);
			buildRules = (
			);
			dependencies = (
			);
			name = "Circle-Ci-Test-App";
			productName = "Circle-Ci-Test-App";
			productReference = 37381800288066D300D40AAB /* Circle-Ci-Test-App.app */;
			productType = "com.apple.product-type.application";
		};
		3738181428806C3B00D40AAB /* Circle-Ci-Test-AppTests */ = {
			isa = PBXNativeTarget;
			buildConfigurationList = 3738181B28806C3B00D40AAB /* Build configuration list for PBXNativeTarget "Circle-Ci-Test-AppTests" */;
			buildPhases = (
				3738181128806C3B00D40AAB /* Sources */,
				3738181228806C3B00D40AAB /* Frameworks */,
				3738181328806C3B00D40AAB /* Resources */,
			);
			buildRules = (
			);
			dependencies = (
				3738181A28806C3B00D40AAB /* PBXTargetDependency */,
			);
			name = "Circle-Ci-Test-AppTests";
			productName = "Circle-Ci-Test-AppTests";
			productReference = 3738181528806C3B00D40AAB /* Circle-Ci-Test-AppTests.xctest */;
			productType = "com.apple.product-type.bundle.unit-test";
		};
/* End PBXNativeTarget section */

/* Begin PBXProject section */
		373817F8288066D200D40AAB /* Project object */ = {
			isa = PBXProject;
			attributes = {
				BuildIndependentTargetsInParallel = 1;
				LastSwiftUpdateCheck = 1340;
				LastUpgradeCheck = 1340;
				TargetAttributes = {
					373817FF288066D200D40AAB = {
						CreatedOnToolsVersion = 13.4.1;
					};
					3738181428806C3B00D40AAB = {
						CreatedOnToolsVersion = 13.4.1;
						TestTargetID = 373817FF288066D200D40AAB;
					};
				};
			};
			buildConfigurationList = 373817FB288066D200D40AAB /* Build configuration list for PBXProject "Circle-Ci-Test-App" */;
			compatibilityVersion = "Xcode 13.0";
			developmentRegion = en;
			hasScannedForEncodings = 0;
			knownRegions = (
				en,
				Base,
			);
			mainGroup = 373817F7288066D200D40AAB;
			productRefGroup = 37381801288066D300D40AAB /* Products */;
			projectDirPath = "";
			projectRoot = "";
			targets = (
				373817FF288066D200D40AAB /* Circle-Ci-Test-App */,
				3738181428806C3B00D40AAB /* Circle-Ci-Test-AppTests */,
			);
		};
/* End PBXProject section */

/* Begin PBXResourcesBuildPhase section */
		373817FE288066D200D40AAB /* Resources */ = {
			isa = PBXResourcesBuildPhase;
			buildActionMask = 2147483647;
			files = (
				3738180B288066D600D40AAB /* Preview Assets.xcassets in Resources */,
				37381808288066D600D40AAB /* Assets.xcassets in Resources */,
			);
			runOnlyForDeploymentPostprocessing = 0;
		};
		3738181328806C3B00D40AAB /* Resources */ = {
			isa = PBXResourcesBuildPhase;
			buildActionMask = 2147483647;
			files = (
			);
			runOnlyForDeploymentPostprocessing = 0;
		};
/* End PBXResourcesBuildPhase section */

/* Begin PBXSourcesBuildPhase section */
		373817FC288066D200D40AAB /* Sources */ = {
			isa = PBXSourcesBuildPhase;
			buildActionMask = 2147483647;
			files = (
				37381806288066D300D40AAB /* ContentView.swift in Sources */,
				37381804288066D300D40AAB /* Circle_Ci_Test_AppApp.swift in Sources */,
			);
			runOnlyForDeploymentPostprocessing = 0;
		};
		3738181128806C3B00D40AAB /* Sources */ = {
			isa = PBXSourcesBuildPhase;
			buildActionMask = 2147483647;
			files = (
				3738181828806C3B00D40AAB /* Circle_Ci_Test_AppTests.swift in Sources */,
			);
			runOnlyForDeploymentPostprocessing = 0;
		};
/* End PBXSourcesBuildPhase section */

/* Begin PBXTargetDependency section */
		3738181A28806C3B00D40AAB /* PBXTargetDependency */ = {
			isa = PBXTargetDependency;
			target = 373817FF288066D200D40AAB /* Circle-Ci-Test-App */;
			targetProxy = 3738181928806C3B00D40AAB /* PBXContainerItemProxy */;
		};
/* End PBXTargetDependency section */

/* Begin XCBuildConfiguration section */
		3738180C288066D600D40AAB /* Debug */ = {
			isa = XCBuildConfiguration;
			buildSettings = {
				ALWAYS_SEARCH_USER_PATHS = NO;
				CLANG_ANALYZER_NONNULL = YES;
				CLANG_ANALYZER_NUMBER_OBJECT_CONVERSION = YES_AGGRESSIVE;
				CLANG_CXX_LANGUAGE_STANDARD = "gnu++17";
				CLANG_ENABLE_MODULES = YES;
				CLANG_ENABLE_OBJC_ARC = YES;
				CLANG_ENABLE_OBJC_WEAK = YES;
				CLANG_WARN_BLOCK_CAPTURE_AUTORELEASING = YES;
				CLANG_WARN_BOOL_CONVERSION = YES;
				CLANG_WARN_COMMA = YES;
				CLANG_WARN_CONSTANT_CONVERSION = YES;
				CLANG_WARN_DEPRECATED_OBJC_IMPLEMENTATIONS = YES;
				CLANG_WARN_DIRECT_OBJC_ISA_USAGE = YES_ERROR;
				CLANG_WARN_DOCUMENTATION_COMMENTS = YES;
				CLANG_WARN_EMPTY_BODY = YES;
				CLANG_WARN_ENUM_CONVERSION = YES;
				CLANG_WARN_INFINITE_RECURSION = YES;
				CLANG_WARN_INT_CONVERSION = YES;
				CLANG_WARN_NON_LITERAL_NULL_CONVERSION = YES;
				CLANG_WARN_OBJC_IMPLICIT_RETAIN_SELF = YES;
				CLANG_WARN_OBJC_LITERAL_CONVERSION = YES;
				CLANG_WARN_OBJC_ROOT_CLASS = YES_ERROR;
				CLANG_WARN_QUOTED_INCLUDE_IN_FRAMEWORK_HEADER = YES;
				CLANG_WARN_RANGE_LOOP_ANALYSIS = YES;
				CLANG_WARN_STRICT_PROTOTYPES = YES;
				CLANG_WARN_SUSPICIOUS_MOVE = YES;
				CLANG_WARN_UNGUARDED_AVAILABILITY = YES_AGGRESSIVE;
				CLANG_WARN_UNREACHABLE_CODE = YES;
				CLANG_WARN__DUPLICATE_METHOD_MATCH = YES;
				COPY_PHASE_STRIP = NO;
				DEBUG_INFORMATION_FORMAT = dwarf;
				ENABLE_STRICT_OBJC_MSGSEND = YES;
				ENABLE_TESTABILITY = YES;
				GCC_C_LANGUAGE_STANDARD = gnu11;
				GCC_DYNAMIC_NO_PIC = NO;
				GCC_NO_COMMON_BLOCKS = YES;
				GCC_OPTIMIZATION_LEVEL = 0;
				GCC_PREPROCESSOR_DEFINITIONS = (
					"DEBUG=1",
					"$(inherited)",
				);
				GCC_WARN_64_TO_32_BIT_CONVERSION = YES;
				GCC_WARN_ABOUT_RETURN_TYPE = YES_ERROR;
				GCC_WARN_UNDECLARED_SELECTOR = YES;
				GCC_WARN_UNINITIALIZED_AUTOS = YES_AGGRESSIVE;
				GCC_WARN_UNUSED_FUNCTION = YES;
				GCC_WARN_UNUSED_VARIABLE = YES;
				IPHONEOS_DEPLOYMENT_TARGET = 15.5;
				MTL_ENABLE_DEBUG_INFO = INCLUDE_SOURCE;
				MTL_FAST_MATH = YES;
				ONLY_ACTIVE_ARCH = YES;
				SDKROOT = iphoneos;
				SWIFT_ACTIVE_COMPILATION_CONDITIONS = DEBUG;
				SWIFT_OPTIMIZATION_LEVEL = "-Onone";
			};
			name = Debug;
		};
		3738180D288066D600D40AAB /* Release */ = {
			isa = XCBuildConfiguration;
			buildSettings = {
				ALWAYS_SEARCH_USER_PATHS = NO;
				CLANG_ANALYZER_NONNULL = YES;
				CLANG_ANALYZER_NUMBER_OBJECT_CONVERSION = YES_AGGRESSIVE;
				CLANG_CXX_LANGUAGE_STANDARD = "gnu++17";
				CLANG_ENABLE_MODULES = YES;
				CLANG_ENABLE_OBJC_ARC = YES;
				CLANG_ENABLE_OBJC_WEAK = YES;
				CLANG_WARN_BLOCK_CAPTURE_AUTORELEASING = YES;
				CLANG_WARN_BOOL_CONVERSION = YES;
				CLANG_WARN_COMMA = YES;
				CLANG_WARN_CONSTANT_CONVERSION = YES;
				CLANG_WARN_DEPRECATED_OBJC_IMPLEMENTATIONS = YES;
				CLANG_WARN_DIRECT_OBJC_ISA_USAGE = YES_ERROR;
				CLANG_WARN_DOCUMENTATION_COMMENTS = YES;
				CLANG_WARN_EMPTY_BODY = YES;
				CLANG_WARN_ENUM_CONVERSION = YES;
				CLANG_WARN_INFINITE_RECURSION = YES;
				CLANG_WARN_INT_CONVERSION = YES;
				CLANG_WARN_NON_LITERAL_NULL_CONVERSION = YES;
				CLANG_WARN_OBJC_IMPLICIT_RETAIN_SELF = YES;
				CLANG_WARN_OBJC_LITERAL_CONVERSION = YES;
				CLANG_WARN_OBJC_ROOT_CLASS = YES_ERROR;
				CLANG_WARN_QUOTED_INCLUDE_IN_FRAMEWORK_HEADER = YES;
				CLANG_WARN_RANGE_LOOP_ANALYSIS = YES;
				CLANG_WARN_STRICT_PROTOTYPES = YES;
				CLANG_WARN_SUSPICIOUS_MOVE = YES;
				CLANG_WARN_UNGUARDED_AVAILABILITY = YES_AGGRESSIVE;
				CLANG_WARN_UNREACHABLE_CODE = YES;
				CLANG_WARN__DUPLICATE_METHOD_MATCH = YES;
				COPY_PHASE_STRIP = NO;
				DEBUG_INFORMATION_FORMAT = "dwarf-with-dsym";
				ENABLE_NS_ASSERTIONS = NO;
				ENABLE_STRICT_OBJC_MSGSEND = YES;
				GCC_C_LANGUAGE_STANDARD = gnu11;
				GCC_NO_COMMON_BLOCKS = YES;
				GCC_WARN_64_TO_32_BIT_CONVERSION = YES;
				GCC_WARN_ABOUT_RETURN_TYPE = YES_ERROR;
				GCC_WARN_UNDECLARED_SELECTOR = YES;
				GCC_WARN_UNINITIALIZED_AUTOS = YES_AGGRESSIVE;
				GCC_WARN_UNUSED_FUNCTION = YES;
				GCC_WARN_UNUSED_VARIABLE = YES;
				IPHONEOS_DEPLOYMENT_TARGET = 15.5;
				MTL_ENABLE_DEBUG_INFO = NO;
				MTL_FAST_MATH = YES;
				SDKROOT = iphoneos;
				SWIFT_COMPILATION_MODE = wholemodule;
				SWIFT_OPTIMIZATION_LEVEL = "-O";
				VALIDATE_PRODUCT = YES;
			};
			name = Release;
		};
		3738180F288066D600D40AAB /* Debug */ = {
			isa = XCBuildConfiguration;
			buildSettings = {
				ASSETCATALOG_COMPILER_APPICON_NAME = AppIcon;
				ASSETCATALOG_COMPILER_GLOBAL_ACCENT_COLOR_NAME = AccentColor;
				CODE_SIGN_IDENTITY = "iPhone Developer";
				CODE_SIGN_STYLE = Manual;
				CURRENT_PROJECT_VERSION = 3;
				DEVELOPMENT_ASSET_PATHS = "\"Circle-Ci-Test-App/Preview Content\"";
				DEVELOPMENT_TEAM = L6B3W3NNQ3;
				ENABLE_PREVIEWS = YES;
				GENERATE_INFOPLIST_FILE = YES;
				INFOPLIST_KEY_UIApplicationSceneManifest_Generation = YES;
				INFOPLIST_KEY_UIApplicationSupportsIndirectInputEvents = YES;
				INFOPLIST_KEY_UILaunchScreen_Generation = YES;
				INFOPLIST_KEY_UISupportedInterfaceOrientations_iPad = "UIInterfaceOrientationPortrait UIInterfaceOrientationPortraitUpsideDown UIInterfaceOrientationLandscapeLeft UIInterfaceOrientationLandscapeRight";
				INFOPLIST_KEY_UISupportedInterfaceOrientations_iPhone = "UIInterfaceOrientationPortrait UIInterfaceOrientationLandscapeLeft UIInterfaceOrientationLandscapeRight";
				LD_RUNPATH_SEARCH_PATHS = (
					"$(inherited)",
					"@executable_path/Frameworks",
				);
				MARKETING_VERSION = 1.0;
				PRODUCT_BUNDLE_IDENTIFIER = "com.pedroesli.Circle-Ci-Test-App";
				PRODUCT_NAME = "$(TARGET_NAME)";
				PROVISIONING_PROFILE_SPECIFIER = "match Development com.pedroesli.Circle-Ci-Test-App";
				SWIFT_EMIT_LOC_STRINGS = YES;
				SWIFT_VERSION = 5.0;
				TARGETED_DEVICE_FAMILY = "1,2";
			};
			name = Debug;
		};
		37381810288066D600D40AAB /* Release */ = {
			isa = XCBuildConfiguration;
			buildSettings = {
				ASSETCATALOG_COMPILER_APPICON_NAME = AppIcon;
				ASSETCATALOG_COMPILER_GLOBAL_ACCENT_COLOR_NAME = AccentColor;
				CODE_SIGN_IDENTITY = "iPhone Distribution";
				CODE_SIGN_STYLE = Manual;
				CURRENT_PROJECT_VERSION = 3;
				DEVELOPMENT_ASSET_PATHS = "\"Circle-Ci-Test-App/Preview Content\"";
				DEVELOPMENT_TEAM = L6B3W3NNQ3;
				ENABLE_PREVIEWS = YES;
				GENERATE_INFOPLIST_FILE = YES;
				INFOPLIST_KEY_UIApplicationSceneManifest_Generation = YES;
				INFOPLIST_KEY_UIApplicationSupportsIndirectInputEvents = YES;
				INFOPLIST_KEY_UILaunchScreen_Generation = YES;
				INFOPLIST_KEY_UISupportedInterfaceOrientations_iPad = "UIInterfaceOrientationPortrait UIInterfaceOrientationPortraitUpsideDown UIInterfaceOrientationLandscapeLeft UIInterfaceOrientationLandscapeRight";
				INFOPLIST_KEY_UISupportedInterfaceOrientations_iPhone = "UIInterfaceOrientationPortrait UIInterfaceOrientationLandscapeLeft UIInterfaceOrientationLandscapeRight";
				LD_RUNPATH_SEARCH_PATHS = (
					"$(inherited)",
					"@executable_path/Frameworks",
				);
				MARKETING_VERSION = 1.0;
				PRODUCT_BUNDLE_IDENTIFIER = "com.pedroesli.Circle-Ci-Test-App";
				PRODUCT_NAME = "$(TARGET_NAME)";
				PROVISIONING_PROFILE_SPECIFIER = "com.pedroesli.Circle-Ci-Test-App AppStore";
				SWIFT_EMIT_LOC_STRINGS = YES;
				SWIFT_VERSION = 5.0;
				TARGETED_DEVICE_FAMILY = "1,2";
			};
			name = Release;
		};
		3738181C28806C3B00D40AAB /* Debug */ = {
			isa = XCBuildConfiguration;
			buildSettings = {
				BUNDLE_LOADER = "$(TEST_HOST)";
				CODE_SIGN_IDENTITY = "Apple Development";
				"CODE_SIGN_IDENTITY[sdk=macosx*]" = "Apple Development";
				CODE_SIGN_STYLE = Manual;
				CURRENT_PROJECT_VERSION = 3;
				DEVELOPMENT_TEAM = L6B3W3NNQ3;
				GENERATE_INFOPLIST_FILE = YES;
				MARKETING_VERSION = 1.0;
				PRODUCT_BUNDLE_IDENTIFIER = "com.pedroesli.Circle-Ci-Test-AppTests";
				PRODUCT_NAME = "$(TARGET_NAME)";
				PROVISIONING_PROFILE_SPECIFIER = "";
				"PROVISIONING_PROFILE_SPECIFIER[sdk=macosx*]" = "";
				SWIFT_EMIT_LOC_STRINGS = NO;
				SWIFT_VERSION = 5.0;
				TARGETED_DEVICE_FAMILY = "1,2";
				TEST_HOST = "$(BUILT_PRODUCTS_DIR)/Circle-Ci-Test-App.app/Circle-Ci-Test-App";
			};
			name = Debug;
		};
		3738181D28806C3B00D40AAB /* Release */ = {
			isa = XCBuildConfiguration;
			buildSettings = {
				BUNDLE_LOADER = "$(TEST_HOST)";
				CODE_SIGN_IDENTITY = "Apple Development";
				"CODE_SIGN_IDENTITY[sdk=macosx*]" = "Apple Development";
				CODE_SIGN_STYLE = Manual;
				CURRENT_PROJECT_VERSION = 3;
				DEVELOPMENT_TEAM = L6B3W3NNQ3;
				GENERATE_INFOPLIST_FILE = YES;
				MARKETING_VERSION = 1.0;
				PRODUCT_BUNDLE_IDENTIFIER = "com.pedroesli.Circle-Ci-Test-AppTests";
				PRODUCT_NAME = "$(TARGET_NAME)";
				PROVISIONING_PROFILE_SPECIFIER = "";
				"PROVISIONING_PROFILE_SPECIFIER[sdk=macosx*]" = "";
				SWIFT_EMIT_LOC_STRINGS = NO;
				SWIFT_VERSION = 5.0;
				TARGETED_DEVICE_FAMILY = "1,2";
				TEST_HOST = "$(BUILT_PRODUCTS_DIR)/Circle-Ci-Test-App.app/Circle-Ci-Test-App";
			};
			name = Release;
		};
/* End XCBuildConfiguration section */

/* Begin XCConfigurationList section */
		373817FB288066D200D40AAB /* Build configuration list for PBXProject "Circle-Ci-Test-App" */ = {
			isa = XCConfigurationList;
			buildConfigurations = (
				3738180C288066D600D40AAB /* Debug */,
				3738180D288066D600D40AAB /* Release */,
			);
			defaultConfigurationIsVisible = 0;
			defaultConfigurationName = Release;
		};
		3738180E288066D600D40AAB /* Build configuration list for PBXNativeTarget "Circle-Ci-Test-App" */ = {
			isa = XCConfigurationList;
			buildConfigurations = (
				3738180F288066D600D40AAB /* Debug */,
				37381810288066D600D40AAB /* Release */,
			);
			defaultConfigurationIsVisible = 0;
			defaultConfigurationName = Release;
		};
		3738181B28806C3B00D40AAB /* Build configuration list for PBXNativeTarget "Circle-Ci-Test-AppTests" */ = {
			isa = XCConfigurationList;
			buildConfigurations = (
				3738181C28806C3B00D40AAB /* Debug */,
				3738181D28806C3B00D40AAB /* Release */,
			);
			defaultConfigurationIsVisible = 0;
			defaultConfigurationName = Release;
		};
/* End XCConfigurationList section */
	};
	rootObject = 373817F8288066D200D40AAB /* Project object */;
}
